
Microsoft Visual Studio Solution File, Format Version 12.00
# Visual Studio Version 17
VisualStudioVersion = 17.14.36301.6 d17.14
MinimumVisualStudioVersion = 10.0.40219.1
Project("{FAE04EC0-301F-11D3-BF4B-00C04F79EFBC}") = "GrpcServiceClient", "GrpcServiceClient\GrpcServiceClient.csproj", "{488BB395-E70F-4828-B9D4-7CF2488B1181}"
EndProject
Project("{FAE04EC0-301F-11D3-BF4B-00C04F79EFBC}") = "RestServiceClient", "RestServiceClient\RestServiceClient.csproj", "{47B7E564-05BF-45F3-83B9-2D563DDE3A8E}"
EndProject
Global
	GlobalSection(SolutionConfigurationPlatforms) = preSolution
		Debug|Any CPU = Debug|Any CPU
		Release|Any CPU = Release|Any CPU
	EndGlobalSection
	GlobalSection(ProjectConfigurationPlatforms) = postSolution
		{488BB395-E70F-4828-B9D4-7CF2488B1181}.Debug|Any CPU.ActiveCfg = Debug|Any CPU
		{488BB395-E70F-4828-B9D4-7CF2488B1181}.Debug|Any CPU.Build.0 = Debug|Any CPU
		{488BB395-E70F-4828-B9D4-7CF2488B1181}.Release|Any CPU.ActiveCfg = Release|Any CPU
		{488BB395-E70F-4828-B9D4-7CF2488B1181}.Release|Any CPU.Build.0 = Release|Any CPU
		{47B7E564-05BF-45F3-83B9-2D563DDE3A8E}.Debug|Any CPU.ActiveCfg = Debug|Any CPU
		{47B7E564-05BF-45F3-83B9-2D563DDE3A8E}.Debug|Any CPU.Build.0 = Debug|Any CPU
		{47B7E564-05BF-45F3-83B9-2D563DDE3A8E}.Release|Any CPU.ActiveCfg = Release|Any CPU
		{47B7E564-05BF-45F3-83B9-2D563DDE3A8E}.Release|Any CPU.Build.0 = Release|Any CPU
	EndGlobalSection
	GlobalSection(SolutionProperties) = preSolution
		HideSolutionNode = FALSE
	EndGlobalSection
	GlobalSection(ExtensibilityGlobals) = postSolution
		SolutionGuid = {56049C0B-C992-4D59-9D86-01E776D247C4}
	EndGlobalSection
EndGlobal
